
Microsoft Visual Studio Solution File, Format Version 12.00
# Visual Studio Version 17
VisualStudioVersion = 17.6.33801.468
MinimumVisualStudioVersion = 10.0.40219.1
Project("{FAE04EC0-301F-11D3-BF4B-00C04F79EFBC}") = "Google.BDD.Automation", "Google.BDD.Automation.csproj", "{2AA67BF2-942A-4BA9-81E2-00E33C7368E6}"
EndProject
Global
	GlobalSection(SolutionConfigurationPlatforms) = preSolution
		Debug|Any CPU = Debug|Any CPU
		Release|Any CPU = Release|Any CPU
	EndGlobalSection
	GlobalSection(ProjectConfigurationPlatforms) = postSolution
		{2AA67BF2-942A-4BA9-81E2-00E33C7368E6}.Debug|Any CPU.ActiveCfg = Debug|Any CPU
		{2AA67BF2-942A-4BA9-81E2-00E33C7368E6}.Debug|Any CPU.Build.0 = Debug|Any CPU
		{2AA67BF2-942A-4BA9-81E2-00E33C7368E6}.Release|Any CPU.ActiveCfg = Release|Any CPU
		{2AA67BF2-942A-4BA9-81E2-00E33C7368E6}.Release|Any CPU.Build.0 = Release|Any CPU
	EndGlobalSection
	GlobalSection(SolutionProperties) = preSolution
		HideSolutionNode = FALSE
	EndGlobalSection
	GlobalSection(ExtensibilityGlobals) = postSolution
		SolutionGuid = {831DAC21-41C1-4AF9-AF3D-8388DBCE84BA}
	EndGlobalSection
EndGlobal
